
Microsoft Visual Studio Solution File, Format Version 12.00
# Visual Studio Express 14 for Windows Desktop
VisualStudioVersion = 14.0.24720.0
MinimumVisualStudioVersion = 10.0.40219.1
Project("{2150E333-8FDC-42A3-9474-1A3956D46DE8}") = "Audio", "Audio", "{97DEEB2D-5659-47B1-92B9-C4965FC381D0}"
EndProject
Project("{2150E333-8FDC-42A3-9474-1A3956D46DE8}") = "Input", "Input", "{6348F9AE-B785-4B2D-8CF4-A73428E3481B}"
EndProject
Project("{8BC9CEB8-8B4A-11D0-8D11-00A0C91BC942}") = "ISEngine", "ISEngine\ISEngine.vcxproj", "{AC5E239E-69D6-4AC7-82D9-E35DD127096A}"
EndProject
Project("{8BC9CEB8-8B4A-11D0-8D11-00A0C91BC942}") = "ISForms", "ISForms\ISForms.vcxproj", "{CB4BCB93-FFD4-43B5-A81B-5888892AAE5F}"
EndProject
Project("{8BC9CEB8-8B4A-11D0-8D11-00A0C91BC942}") = "TestApp", "TestApp\TestApp.vcxproj", "{C98DA2E8-09AD-4F36-8C86-00A0BCE993EF}"
	ProjectSection(ProjectDependencies) = postProject
		{975CA002-E79A-4A2C-B556-EF0079A585C8} = {975CA002-E79A-4A2C-B556-EF0079A585C8}
		{EFF7120B-B388-497A-B7DD-4032F19D36E7} = {EFF7120B-B388-497A-B7DD-4032F19D36E7}
		{394BD222-90CB-4FA0-9CAB-F158316DB00F} = {394BD222-90CB-4FA0-9CAB-F158316DB00F}
		{9368CE2D-8966-4E5A-BA4F-AA7CC394DDCC} = {9368CE2D-8966-4E5A-BA4F-AA7CC394DDCC}
		{F3800861-545F-4BC7-863D-42E12F9C1FAB} = {F3800861-545F-4BC7-863D-42E12F9C1FAB}
		{3DD188A0-D42C-4A63-8F7E-D66F8C93E8CF} = {3DD188A0-D42C-4A63-8F7E-D66F8C93E8CF}
		{FD8D75AD-B0B3-4DD7-84D9-EA48C90954AF} = {FD8D75AD-B0B3-4DD7-84D9-EA48C90954AF}
		{975384B0-DAAF-4D5D-8F21-31401682A4A2} = {975384B0-DAAF-4D5D-8F21-31401682A4A2}
		{460B76C9-8A82-4B04-879F-0C6C81788BF7} = {460B76C9-8A82-4B04-879F-0C6C81788BF7}
		{9E32DBD6-1116-47D4-BCD4-BBD10216CCA7} = {9E32DBD6-1116-47D4-BCD4-BBD10216CCA7}
		{D5A285D7-788C-435E-B418-9EE52301B8C9} = {D5A285D7-788C-435E-B418-9EE52301B8C9}
		{6F6CBBF2-C3E0-47F6-875D-FF3CAE6C21A0} = {6F6CBBF2-C3E0-47F6-875D-FF3CAE6C21A0}
		{179C55F5-01C3-4813-B34E-15B12693B288} = {179C55F5-01C3-4813-B34E-15B12693B288}
	EndProjectSection
EndProject
Project("{8BC9CEB8-8B4A-11D0-8D11-00A0C91BC942}") = "ISFFmpeg", "ISFFmpeg\ISFFmpeg.vcxproj", "{C430B4D6-B074-4AA5-989A-0A513E295A81}"
EndProject
Project("{8BC9CEB8-8B4A-11D0-8D11-00A0C91BC942}") = "ISWinAudio", "ISWinAudio\ISWinAudio.vcxproj", "{AA5270EF-FEF0-4C93-91C3-4D6D3C85E575}"
EndProject
Project("{8BC9CEB8-8B4A-11D0-8D11-00A0C91BC942}") = "ISDirect3D", "ISDirect3D\ISDirect3D.vcxproj", "{AAFA5EA9-B188-4C33-AA12-E0FDE7EC8679}"
	ProjectSection(ProjectDependencies) = postProject
		{3DD188A0-D42C-4A63-8F7E-D66F8C93E8CF} = {3DD188A0-D42C-4A63-8F7E-D66F8C93E8CF}
		{460B76C9-8A82-4B04-879F-0C6C81788BF7} = {460B76C9-8A82-4B04-879F-0C6C81788BF7}
	EndProjectSection
EndProject
Project("{8BC9CEB8-8B4A-11D0-8D11-00A0C91BC942}") = "ISDirectInput", "ISDirectInput\ISDirectInput.vcxproj", "{E153A0D9-D178-481E-8354-5BD58D8A45D7}"
EndProject
Project("{8BC9CEB8-8B4A-11D0-8D11-00A0C91BC942}") = "ISWinInput", "ISWinInput\ISWinInput.vcxproj", "{836D1305-35C5-4BA0-8A90-7AC040DAECBF}"
EndProject
Project("{8BC9CEB8-8B4A-11D0-8D11-00A0C91BC942}") = "ISCryptoPP", "ISCryptoPP\ISCryptoPP.vcxproj", "{9AB260D7-7D2F-4F2E-AB3A-2FAFDFBC3863}"
EndProject
Project("{8BC9CEB8-8B4A-11D0-8D11-00A0C91BC942}") = "ISGuiFactory", "ISGuiFactory\ISGuiFactory.vcxproj", "{5159653F-17C5-4DEE-B4CD-61EC03B3DBFF}"
EndProject
Project("{8BC9CEB8-8B4A-11D0-8D11-00A0C91BC942}") = "ISID3Lib", "ISID3Lib\ISID3Lib.vcxproj", "{331CFB8C-3600-49DC-BE13-9E317B25C13B}"
EndProject
Project("{8BC9CEB8-8B4A-11D0-8D11-00A0C91BC942}") = "ISWinSock", "ISWinSock\ISWinSock.vcxproj", "{BCFC9FDD-6A69-4697-A38D-4E31B5850F27}"
EndProject
Project("{8BC9CEB8-8B4A-11D0-8D11-00A0C91BC942}") = "ISAsyncWorkers", "ISAsyncWorkers\AsyncWorkers.vcxproj", "{394BD222-90CB-4FA0-9CAB-F158316DB00F}"
EndProject
Project("{8BC9CEB8-8B4A-11D0-8D11-00A0C91BC942}") = "ISWinMidi", "ISWinMidi\ISWinMidi.vcxproj", "{179C55F5-01C3-4813-B34E-15B12693B288}"
EndProject
Project("{8BC9CEB8-8B4A-11D0-8D11-00A0C91BC942}") = "ISHavok", "ISHavok\ISHavok.vcxproj", "{EFF7120B-B388-497A-B7DD-4032F19D36E7}"
	ProjectSection(ProjectDependencies) = postProject
		{460B76C9-8A82-4B04-879F-0C6C81788BF7} = {460B76C9-8A82-4B04-879F-0C6C81788BF7}
	EndProjectSection
EndProject
Project("{8BC9CEB8-8B4A-11D0-8D11-00A0C91BC942}") = "ISSQLite", "ISSQLite\ISSQLite.vcxproj", "{D5A285D7-788C-435E-B418-9EE52301B8C9}"
EndProject
Project("{8BC9CEB8-8B4A-11D0-8D11-00A0C91BC942}") = "ISHaruPdf", "ISHaruPdf\ISHaruPdf.vcxproj", "{6F6CBBF2-C3E0-47F6-875D-FF3CAE6C21A0}"
EndProject
Project("{8BC9CEB8-8B4A-11D0-8D11-00A0C91BC942}") = "ISPythonScriptEngine", "ISPythonScriptEngine\ISPythonScriptEngine.vcxproj", "{3DD188A0-D42C-4A63-8F7E-D66F8C93E8CF}"
EndProject
Project("{8BC9CEB8-8B4A-11D0-8D11-00A0C91BC942}") = "ISXAudio2", "ISXAudio2\ISXAudio2.vcxproj", "{975384B0-DAAF-4D5D-8F21-31401682A4A2}"
EndProject
Project("{8BC9CEB8-8B4A-11D0-8D11-00A0C91BC942}") = "ISMath", "ISMath\ISMath.vcxproj", "{460B76C9-8A82-4B04-879F-0C6C81788BF7}"
EndProject
Project("{8BC9CEB8-8B4A-11D0-8D11-00A0C91BC942}") = "ISGameAI", "ISGameAI\ISGameAI.vcxproj", "{9368CE2D-8966-4E5A-BA4F-AA7CC394DDCC}"
EndProject
Project("{8BC9CEB8-8B4A-11D0-8D11-00A0C91BC942}") = "ISRayTracer", "ISRayTracer\ISRayTracer.vcxproj", "{9E32DBD6-1116-47D4-BCD4-BBD10216CCA7}"
	ProjectSection(ProjectDependencies) = postProject
		{F3800861-545F-4BC7-863D-42E12F9C1FAB} = {F3800861-545F-4BC7-863D-42E12F9C1FAB}
		{460B76C9-8A82-4B04-879F-0C6C81788BF7} = {460B76C9-8A82-4B04-879F-0C6C81788BF7}
	EndProjectSection
EndProject
Project("{8BC9CEB8-8B4A-11D0-8D11-00A0C91BC942}") = "ISImage", "ISImage\ISImage.vcxproj", "{F3800861-545F-4BC7-863D-42E12F9C1FAB}"
EndProject
Project("{8BC9CEB8-8B4A-11D0-8D11-00A0C91BC942}") = "ISOpenGL", "ISOpenGL\ISOpenGL.vcxproj", "{975CA002-E79A-4A2C-B556-EF0079A585C8}"
	ProjectSection(ProjectDependencies) = postProject
		{460B76C9-8A82-4B04-879F-0C6C81788BF7} = {460B76C9-8A82-4B04-879F-0C6C81788BF7}
	EndProjectSection
EndProject
Project("{8BC9CEB8-8B4A-11D0-8D11-00A0C91BC942}") = "ISPbrt", "ISPbrt\ISPbrt.vcxproj", "{FD8D75AD-B0B3-4DD7-84D9-EA48C90954AF}"
EndProject
Global
	GlobalSection(SolutionConfigurationPlatforms) = preSolution
		Debug|Any CPU = Debug|Any CPU
		Debug|Mixed Platforms = Debug|Mixed Platforms
		Debug|Win32 = Debug|Win32
		Debug|x64 = Debug|x64
		Release|Any CPU = Release|Any CPU
		Release|Mixed Platforms = Release|Mixed Platforms
		Release|Win32 = Release|Win32
		Release|x64 = Release|x64
	EndGlobalSection
	GlobalSection(ProjectConfigurationPlatforms) = postSolution
		{AC5E239E-69D6-4AC7-82D9-E35DD127096A}.Debug|Any CPU.ActiveCfg = Debug|Win32
		{AC5E239E-69D6-4AC7-82D9-E35DD127096A}.Debug|Mixed Platforms.ActiveCfg = Debug|Win32
		{AC5E239E-69D6-4AC7-82D9-E35DD127096A}.Debug|Win32.ActiveCfg = Debug|Win32
		{AC5E239E-69D6-4AC7-82D9-E35DD127096A}.Debug|x64.ActiveCfg = Debug|x64
		{AC5E239E-69D6-4AC7-82D9-E35DD127096A}.Debug|x64.Build.0 = Debug|x64
		{AC5E239E-69D6-4AC7-82D9-E35DD127096A}.Release|Any CPU.ActiveCfg = Release|Win32
		{AC5E239E-69D6-4AC7-82D9-E35DD127096A}.Release|Mixed Platforms.ActiveCfg = Release|Win32
		{AC5E239E-69D6-4AC7-82D9-E35DD127096A}.Release|Win32.ActiveCfg = Release|Win32
		{AC5E239E-69D6-4AC7-82D9-E35DD127096A}.Release|x64.ActiveCfg = Release|x64
		{AC5E239E-69D6-4AC7-82D9-E35DD127096A}.Release|x64.Build.0 = Release|x64
		{CB4BCB93-FFD4-43B5-A81B-5888892AAE5F}.Debug|Any CPU.ActiveCfg = Debug|Win32
		{CB4BCB93-FFD4-43B5-A81B-5888892AAE5F}.Debug|Mixed Platforms.ActiveCfg = Debug|Win32
		{CB4BCB93-FFD4-43B5-A81B-5888892AAE5F}.Debug|Win32.ActiveCfg = Debug|Win32
		{CB4BCB93-FFD4-43B5-A81B-5888892AAE5F}.Debug|x64.ActiveCfg = Debug|x64
		{CB4BCB93-FFD4-43B5-A81B-5888892AAE5F}.Release|Any CPU.ActiveCfg = Release|Win32
		{CB4BCB93-FFD4-43B5-A81B-5888892AAE5F}.Release|Mixed Platforms.ActiveCfg = Release|Win32
		{CB4BCB93-FFD4-43B5-A81B-5888892AAE5F}.Release|Win32.ActiveCfg = Release|Win32
		{CB4BCB93-FFD4-43B5-A81B-5888892AAE5F}.Release|x64.ActiveCfg = Release|x64
		{C98DA2E8-09AD-4F36-8C86-00A0BCE993EF}.Debug|Any CPU.ActiveCfg = Debug|Win32
		{C98DA2E8-09AD-4F36-8C86-00A0BCE993EF}.Debug|Mixed Platforms.ActiveCfg = Debug|Win32
		{C98DA2E8-09AD-4F36-8C86-00A0BCE993EF}.Debug|Mixed Platforms.Build.0 = Debug|Win32
		{C98DA2E8-09AD-4F36-8C86-00A0BCE993EF}.Debug|Win32.ActiveCfg = Debug|Win32
		{C98DA2E8-09AD-4F36-8C86-00A0BCE993EF}.Debug|Win32.Build.0 = Debug|Win32
		{C98DA2E8-09AD-4F36-8C86-00A0BCE993EF}.Debug|x64.ActiveCfg = Debug|x64
		{C98DA2E8-09AD-4F36-8C86-00A0BCE993EF}.Debug|x64.Build.0 = Debug|x64
		{C98DA2E8-09AD-4F36-8C86-00A0BCE993EF}.Release|Any CPU.ActiveCfg = Release|Win32
		{C98DA2E8-09AD-4F36-8C86-00A0BCE993EF}.Release|Mixed Platforms.ActiveCfg = Release|Win32
		{C98DA2E8-09AD-4F36-8C86-00A0BCE993EF}.Release|Mixed Platforms.Build.0 = Release|Win32
		{C98DA2E8-09AD-4F36-8C86-00A0BCE993EF}.Release|Win32.ActiveCfg = Release|Win32
		{C98DA2E8-09AD-4F36-8C86-00A0BCE993EF}.Release|Win32.Build.0 = Release|Win32
		{C98DA2E8-09AD-4F36-8C86-00A0BCE993EF}.Release|x64.ActiveCfg = Release|x64
		{C98DA2E8-09AD-4F36-8C86-00A0BCE993EF}.Release|x64.Build.0 = Release|x64
		{C430B4D6-B074-4AA5-989A-0A513E295A81}.Debug|Any CPU.ActiveCfg = Debug|Win32
		{C430B4D6-B074-4AA5-989A-0A513E295A81}.Debug|Mixed Platforms.ActiveCfg = Debug|Win32
		{C430B4D6-B074-4AA5-989A-0A513E295A81}.Debug|Win32.ActiveCfg = Debug|Win32
		{C430B4D6-B074-4AA5-989A-0A513E295A81}.Debug|x64.ActiveCfg = Debug|x64
		{C430B4D6-B074-4AA5-989A-0A513E295A81}.Release|Any CPU.ActiveCfg = Release|Win32
		{C430B4D6-B074-4AA5-989A-0A513E295A81}.Release|Mixed Platforms.ActiveCfg = Release|Win32
		{C430B4D6-B074-4AA5-989A-0A513E295A81}.Release|Win32.ActiveCfg = Release|Win32
		{C430B4D6-B074-4AA5-989A-0A513E295A81}.Release|x64.ActiveCfg = Release|x64
		{AA5270EF-FEF0-4C93-91C3-4D6D3C85E575}.Debug|Any CPU.ActiveCfg = Debug|Win32
		{AA5270EF-FEF0-4C93-91C3-4D6D3C85E575}.Debug|Mixed Platforms.ActiveCfg = Debug|Win32
		{AA5270EF-FEF0-4C93-91C3-4D6D3C85E575}.Debug|Win32.ActiveCfg = Debug|Win32
		{AA5270EF-FEF0-4C93-91C3-4D6D3C85E575}.Debug|x64.ActiveCfg = Debug|x64
		{AA5270EF-FEF0-4C93-91C3-4D6D3C85E575}.Release|Any CPU.ActiveCfg = Release|Win32
		{AA5270EF-FEF0-4C93-91C3-4D6D3C85E575}.Release|Mixed Platforms.ActiveCfg = Release|Win32
		{AA5270EF-FEF0-4C93-91C3-4D6D3C85E575}.Release|Win32.ActiveCfg = Release|Win32
		{AA5270EF-FEF0-4C93-91C3-4D6D3C85E575}.Release|x64.ActiveCfg = Release|x64
		{AAFA5EA9-B188-4C33-AA12-E0FDE7EC8679}.Debug|Any CPU.ActiveCfg = Debug|Win32
		{AAFA5EA9-B188-4C33-AA12-E0FDE7EC8679}.Debug|Mixed Platforms.ActiveCfg = Debug|Win32
		{AAFA5EA9-B188-4C33-AA12-E0FDE7EC8679}.Debug|Win32.ActiveCfg = Debug|Win32
		{AAFA5EA9-B188-4C33-AA12-E0FDE7EC8679}.Debug|x64.ActiveCfg = Debug|x64
		{AAFA5EA9-B188-4C33-AA12-E0FDE7EC8679}.Debug|x64.Build.0 = Debug|x64
		{AAFA5EA9-B188-4C33-AA12-E0FDE7EC8679}.Release|Any CPU.ActiveCfg = Release|Win32
		{AAFA5EA9-B188-4C33-AA12-E0FDE7EC8679}.Release|Mixed Platforms.ActiveCfg = Release|Win32
		{AAFA5EA9-B188-4C33-AA12-E0FDE7EC8679}.Release|Mixed Platforms.Build.0 = Release|Win32
		{AAFA5EA9-B188-4C33-AA12-E0FDE7EC8679}.Release|Win32.ActiveCfg = Release|Win32
		{AAFA5EA9-B188-4C33-AA12-E0FDE7EC8679}.Release|x64.ActiveCfg = Release|x64
		{AAFA5EA9-B188-4C33-AA12-E0FDE7EC8679}.Release|x64.Build.0 = Release|x64
		{E153A0D9-D178-481E-8354-5BD58D8A45D7}.Debug|Any CPU.ActiveCfg = Debug|Win32
		{E153A0D9-D178-481E-8354-5BD58D8A45D7}.Debug|Mixed Platforms.ActiveCfg = Debug|Win32
		{E153A0D9-D178-481E-8354-5BD58D8A45D7}.Debug|Win32.ActiveCfg = Debug|Win32
		{E153A0D9-D178-481E-8354-5BD58D8A45D7}.Debug|x64.ActiveCfg = Debug|x64
		{E153A0D9-D178-481E-8354-5BD58D8A45D7}.Release|Any CPU.ActiveCfg = Release|Win32
		{E153A0D9-D178-481E-8354-5BD58D8A45D7}.Release|Mixed Platforms.ActiveCfg = Release|Win32
		{E153A0D9-D178-481E-8354-5BD58D8A45D7}.Release|Win32.ActiveCfg = Release|Win32
		{E153A0D9-D178-481E-8354-5BD58D8A45D7}.Release|x64.ActiveCfg = Release|x64
		{836D1305-35C5-4BA0-8A90-7AC040DAECBF}.Debug|Any CPU.ActiveCfg = Debug|Win32
		{836D1305-35C5-4BA0-8A90-7AC040DAECBF}.Debug|Mixed Platforms.ActiveCfg = Debug|Win32
		{836D1305-35C5-4BA0-8A90-7AC040DAECBF}.Debug|Win32.ActiveCfg = Debug|Win32
		{836D1305-35C5-4BA0-8A90-7AC040DAECBF}.Debug|x64.ActiveCfg = Debug|x64
		{836D1305-35C5-4BA0-8A90-7AC040DAECBF}.Release|Any CPU.ActiveCfg = Release|Win32
		{836D1305-35C5-4BA0-8A90-7AC040DAECBF}.Release|Mixed Platforms.ActiveCfg = Release|Win32
		{836D1305-35C5-4BA0-8A90-7AC040DAECBF}.Release|Win32.ActiveCfg = Release|Win32
		{836D1305-35C5-4BA0-8A90-7AC040DAECBF}.Release|x64.ActiveCfg = Release|x64
		{9AB260D7-7D2F-4F2E-AB3A-2FAFDFBC3863}.Debug|Any CPU.ActiveCfg = Debug|Win32
		{9AB260D7-7D2F-4F2E-AB3A-2FAFDFBC3863}.Debug|Mixed Platforms.ActiveCfg = Debug|Win32
		{9AB260D7-7D2F-4F2E-AB3A-2FAFDFBC3863}.Debug|Win32.ActiveCfg = Debug|Win32
		{9AB260D7-7D2F-4F2E-AB3A-2FAFDFBC3863}.Debug|x64.ActiveCfg = Debug|x64
		{9AB260D7-7D2F-4F2E-AB3A-2FAFDFBC3863}.Release|Any CPU.ActiveCfg = Release|Win32
		{9AB260D7-7D2F-4F2E-AB3A-2FAFDFBC3863}.Release|Mixed Platforms.ActiveCfg = Release|Win32
		{9AB260D7-7D2F-4F2E-AB3A-2FAFDFBC3863}.Release|Win32.ActiveCfg = Release|Win32
		{9AB260D7-7D2F-4F2E-AB3A-2FAFDFBC3863}.Release|x64.ActiveCfg = Release|x64
		{5159653F-17C5-4DEE-B4CD-61EC03B3DBFF}.Debug|Any CPU.ActiveCfg = Debug|Win32
		{5159653F-17C5-4DEE-B4CD-61EC03B3DBFF}.Debug|Mixed Platforms.ActiveCfg = Debug|Win32
		{5159653F-17C5-4DEE-B4CD-61EC03B3DBFF}.Debug|Win32.ActiveCfg = Debug|Win32
		{5159653F-17C5-4DEE-B4CD-61EC03B3DBFF}.Debug|x64.ActiveCfg = Debug|x64
		{5159653F-17C5-4DEE-B4CD-61EC03B3DBFF}.Release|Any CPU.ActiveCfg = Release|Win32
		{5159653F-17C5-4DEE-B4CD-61EC03B3DBFF}.Release|Mixed Platforms.ActiveCfg = Release|Win32
		{5159653F-17C5-4DEE-B4CD-61EC03B3DBFF}.Release|Win32.ActiveCfg = Release|Win32
		{5159653F-17C5-4DEE-B4CD-61EC03B3DBFF}.Release|x64.ActiveCfg = Release|x64
		{331CFB8C-3600-49DC-BE13-9E317B25C13B}.Debug|Any CPU.ActiveCfg = Debug|Win32
		{331CFB8C-3600-49DC-BE13-9E317B25C13B}.Debug|Mixed Platforms.ActiveCfg = Debug|Win32
		{331CFB8C-3600-49DC-BE13-9E317B25C13B}.Debug|Win32.ActiveCfg = Debug|Win32
		{331CFB8C-3600-49DC-BE13-9E317B25C13B}.Debug|x64.ActiveCfg = Debug|x64
		{331CFB8C-3600-49DC-BE13-9E317B25C13B}.Release|Any CPU.ActiveCfg = Release|Win32
		{331CFB8C-3600-49DC-BE13-9E317B25C13B}.Release|Mixed Platforms.ActiveCfg = Release|Win32
		{331CFB8C-3600-49DC-BE13-9E317B25C13B}.Release|Win32.ActiveCfg = Release|Win32
		{331CFB8C-3600-49DC-BE13-9E317B25C13B}.Release|x64.ActiveCfg = Release|x64
		{BCFC9FDD-6A69-4697-A38D-4E31B5850F27}.Debug|Any CPU.ActiveCfg = Debug|Win32
		{BCFC9FDD-6A69-4697-A38D-4E31B5850F27}.Debug|Mixed Platforms.ActiveCfg = Debug|Win32
		{BCFC9FDD-6A69-4697-A38D-4E31B5850F27}.Debug|Win32.ActiveCfg = Debug|Win32
		{BCFC9FDD-6A69-4697-A38D-4E31B5850F27}.Debug|x64.ActiveCfg = Debug|x64
		{BCFC9FDD-6A69-4697-A38D-4E31B5850F27}.Release|Any CPU.ActiveCfg = Release|Win32
		{BCFC9FDD-6A69-4697-A38D-4E31B5850F27}.Release|Mixed Platforms.ActiveCfg = Release|Win32
		{BCFC9FDD-6A69-4697-A38D-4E31B5850F27}.Release|Win32.ActiveCfg = Release|Win32
		{BCFC9FDD-6A69-4697-A38D-4E31B5850F27}.Release|x64.ActiveCfg = Release|x64
		{394BD222-90CB-4FA0-9CAB-F158316DB00F}.Debug|Any CPU.ActiveCfg = Debug|Win32
		{394BD222-90CB-4FA0-9CAB-F158316DB00F}.Debug|Mixed Platforms.ActiveCfg = Debug|Win32
		{394BD222-90CB-4FA0-9CAB-F158316DB00F}.Debug|Win32.ActiveCfg = Debug|Win32
		{394BD222-90CB-4FA0-9CAB-F158316DB00F}.Debug|x64.ActiveCfg = Debug|x64
		{394BD222-90CB-4FA0-9CAB-F158316DB00F}.Release|Any CPU.ActiveCfg = Release|Win32
		{394BD222-90CB-4FA0-9CAB-F158316DB00F}.Release|Mixed Platforms.ActiveCfg = Release|Win32
		{394BD222-90CB-4FA0-9CAB-F158316DB00F}.Release|Win32.ActiveCfg = Release|Win32
		{394BD222-90CB-4FA0-9CAB-F158316DB00F}.Release|x64.ActiveCfg = Release|x64
		{179C55F5-01C3-4813-B34E-15B12693B288}.Debug|Any CPU.ActiveCfg = Debug|Win32
		{179C55F5-01C3-4813-B34E-15B12693B288}.Debug|Mixed Platforms.ActiveCfg = Debug|Win32
		{179C55F5-01C3-4813-B34E-15B12693B288}.Debug|Win32.ActiveCfg = Debug|Win32
		{179C55F5-01C3-4813-B34E-15B12693B288}.Debug|x64.ActiveCfg = Debug|x64
		{179C55F5-01C3-4813-B34E-15B12693B288}.Release|Any CPU.ActiveCfg = Release|Win32
		{179C55F5-01C3-4813-B34E-15B12693B288}.Release|Mixed Platforms.ActiveCfg = Release|Win32
		{179C55F5-01C3-4813-B34E-15B12693B288}.Release|Win32.ActiveCfg = Release|Win32
		{179C55F5-01C3-4813-B34E-15B12693B288}.Release|x64.ActiveCfg = Release|x64
		{EFF7120B-B388-497A-B7DD-4032F19D36E7}.Debug|Any CPU.ActiveCfg = Debug|Win32
		{EFF7120B-B388-497A-B7DD-4032F19D36E7}.Debug|Mixed Platforms.ActiveCfg = Debug|Win32
		{EFF7120B-B388-497A-B7DD-4032F19D36E7}.Debug|Win32.ActiveCfg = Debug|Win32
		{EFF7120B-B388-497A-B7DD-4032F19D36E7}.Debug|x64.ActiveCfg = Debug|x64
		{EFF7120B-B388-497A-B7DD-4032F19D36E7}.Debug|x64.Build.0 = Debug|x64
		{EFF7120B-B388-497A-B7DD-4032F19D36E7}.Release|Any CPU.ActiveCfg = Release|Win32
		{EFF7120B-B388-497A-B7DD-4032F19D36E7}.Release|Mixed Platforms.ActiveCfg = Release|Win32
		{EFF7120B-B388-497A-B7DD-4032F19D36E7}.Release|Win32.ActiveCfg = Release|Win32
		{EFF7120B-B388-497A-B7DD-4032F19D36E7}.Release|x64.ActiveCfg = Release|x64
		{EFF7120B-B388-497A-B7DD-4032F19D36E7}.Release|x64.Build.0 = Release|x64
		{D5A285D7-788C-435E-B418-9EE52301B8C9}.Debug|Any CPU.ActiveCfg = Debug|Win32
		{D5A285D7-788C-435E-B418-9EE52301B8C9}.Debug|Mixed Platforms.ActiveCfg = Debug|Win32
		{D5A285D7-788C-435E-B418-9EE52301B8C9}.Debug|Win32.ActiveCfg = Debug|Win32
		{D5A285D7-788C-435E-B418-9EE52301B8C9}.Debug|x64.ActiveCfg = Debug|x64
		{D5A285D7-788C-435E-B418-9EE52301B8C9}.Debug|x64.Build.0 = Debug|x64
		{D5A285D7-788C-435E-B418-9EE52301B8C9}.Release|Any CPU.ActiveCfg = Release|x64
		{D5A285D7-788C-435E-B418-9EE52301B8C9}.Release|Mixed Platforms.ActiveCfg = Release|Win32
		{D5A285D7-788C-435E-B418-9EE52301B8C9}.Release|Win32.ActiveCfg = Release|Win32
		{D5A285D7-788C-435E-B418-9EE52301B8C9}.Release|x64.ActiveCfg = Release|x64
		{D5A285D7-788C-435E-B418-9EE52301B8C9}.Release|x64.Build.0 = Release|x64
		{6F6CBBF2-C3E0-47F6-875D-FF3CAE6C21A0}.Debug|Any CPU.ActiveCfg = Debug|Win32
		{6F6CBBF2-C3E0-47F6-875D-FF3CAE6C21A0}.Debug|Mixed Platforms.ActiveCfg = Debug|Win32
		{6F6CBBF2-C3E0-47F6-875D-FF3CAE6C21A0}.Debug|Win32.ActiveCfg = Debug|Win32
		{6F6CBBF2-C3E0-47F6-875D-FF3CAE6C21A0}.Debug|x64.ActiveCfg = Debug|x64
		{6F6CBBF2-C3E0-47F6-875D-FF3CAE6C21A0}.Debug|x64.Build.0 = Debug|x64
		{6F6CBBF2-C3E0-47F6-875D-FF3CAE6C21A0}.Release|Any CPU.ActiveCfg = Release|x64
		{6F6CBBF2-C3E0-47F6-875D-FF3CAE6C21A0}.Release|Mixed Platforms.ActiveCfg = Release|Win32
		{6F6CBBF2-C3E0-47F6-875D-FF3CAE6C21A0}.Release|Win32.ActiveCfg = Release|Win32
		{6F6CBBF2-C3E0-47F6-875D-FF3CAE6C21A0}.Release|x64.ActiveCfg = Release|x64
		{6F6CBBF2-C3E0-47F6-875D-FF3CAE6C21A0}.Release|x64.Build.0 = Release|x64
		{3DD188A0-D42C-4A63-8F7E-D66F8C93E8CF}.Debug|Any CPU.ActiveCfg = Debug|Win32
		{3DD188A0-D42C-4A63-8F7E-D66F8C93E8CF}.Debug|Mixed Platforms.ActiveCfg = Debug|Win32
		{3DD188A0-D42C-4A63-8F7E-D66F8C93E8CF}.Debug|Win32.ActiveCfg = Debug|Win32
		{3DD188A0-D42C-4A63-8F7E-D66F8C93E8CF}.Debug|x64.ActiveCfg = Debug|x64
		{3DD188A0-D42C-4A63-8F7E-D66F8C93E8CF}.Debug|x64.Build.0 = Debug|x64
		{3DD188A0-D42C-4A63-8F7E-D66F8C93E8CF}.Release|Any CPU.ActiveCfg = Release|x64
		{3DD188A0-D42C-4A63-8F7E-D66F8C93E8CF}.Release|Mixed Platforms.ActiveCfg = Release|Win32
		{3DD188A0-D42C-4A63-8F7E-D66F8C93E8CF}.Release|Win32.ActiveCfg = Release|Win32
		{3DD188A0-D42C-4A63-8F7E-D66F8C93E8CF}.Release|x64.ActiveCfg = Release|x64
		{3DD188A0-D42C-4A63-8F7E-D66F8C93E8CF}.Release|x64.Build.0 = Release|x64
		{975384B0-DAAF-4D5D-8F21-31401682A4A2}.Debug|Any CPU.ActiveCfg = Debug|Win32
		{975384B0-DAAF-4D5D-8F21-31401682A4A2}.Debug|Mixed Platforms.ActiveCfg = Debug|Win32
		{975384B0-DAAF-4D5D-8F21-31401682A4A2}.Debug|Win32.ActiveCfg = Debug|Win32
		{975384B0-DAAF-4D5D-8F21-31401682A4A2}.Debug|x64.ActiveCfg = Debug|x64
		{975384B0-DAAF-4D5D-8F21-31401682A4A2}.Debug|x64.Build.0 = Debug|x64
		{975384B0-DAAF-4D5D-8F21-31401682A4A2}.Release|Any CPU.ActiveCfg = Release|x64
		{975384B0-DAAF-4D5D-8F21-31401682A4A2}.Release|Mixed Platforms.ActiveCfg = Release|Win32
		{975384B0-DAAF-4D5D-8F21-31401682A4A2}.Release|Win32.ActiveCfg = Release|Win32
		{975384B0-DAAF-4D5D-8F21-31401682A4A2}.Release|x64.ActiveCfg = Release|x64
		{975384B0-DAAF-4D5D-8F21-31401682A4A2}.Release|x64.Build.0 = Release|x64
		{460B76C9-8A82-4B04-879F-0C6C81788BF7}.Debug|Any CPU.ActiveCfg = Debug|Win32
		{460B76C9-8A82-4B04-879F-0C6C81788BF7}.Debug|Mixed Platforms.ActiveCfg = Debug|Win32
		{460B76C9-8A82-4B04-879F-0C6C81788BF7}.Debug|Win32.ActiveCfg = Debug|Win32
		{460B76C9-8A82-4B04-879F-0C6C81788BF7}.Debug|x64.ActiveCfg = Debug|x64
		{460B76C9-8A82-4B04-879F-0C6C81788BF7}.Debug|x64.Build.0 = Debug|x64
		{460B76C9-8A82-4B04-879F-0C6C81788BF7}.Release|Any CPU.ActiveCfg = Release|x64
		{460B76C9-8A82-4B04-879F-0C6C81788BF7}.Release|Mixed Platforms.ActiveCfg = Release|Win32
		{460B76C9-8A82-4B04-879F-0C6C81788BF7}.Release|Win32.ActiveCfg = Release|Win32
		{460B76C9-8A82-4B04-879F-0C6C81788BF7}.Release|x64.ActiveCfg = Release|x64
		{460B76C9-8A82-4B04-879F-0C6C81788BF7}.Release|x64.Build.0 = Release|x64
		{9368CE2D-8966-4E5A-BA4F-AA7CC394DDCC}.Debug|Any CPU.ActiveCfg = Debug|Win32
		{9368CE2D-8966-4E5A-BA4F-AA7CC394DDCC}.Debug|Mixed Platforms.ActiveCfg = Debug|Win32
		{9368CE2D-8966-4E5A-BA4F-AA7CC394DDCC}.Debug|Win32.ActiveCfg = Debug|Win32
		{9368CE2D-8966-4E5A-BA4F-AA7CC394DDCC}.Debug|x64.ActiveCfg = Debug|x64
		{9368CE2D-8966-4E5A-BA4F-AA7CC394DDCC}.Debug|x64.Build.0 = Debug|x64
		{9368CE2D-8966-4E5A-BA4F-AA7CC394DDCC}.Release|Any CPU.ActiveCfg = Release|x64
		{9368CE2D-8966-4E5A-BA4F-AA7CC394DDCC}.Release|Mixed Platforms.ActiveCfg = Release|Win32
		{9368CE2D-8966-4E5A-BA4F-AA7CC394DDCC}.Release|Win32.ActiveCfg = Release|Win32
		{9368CE2D-8966-4E5A-BA4F-AA7CC394DDCC}.Release|x64.ActiveCfg = Release|x64
		{9368CE2D-8966-4E5A-BA4F-AA7CC394DDCC}.Release|x64.Build.0 = Release|x64
		{9E32DBD6-1116-47D4-BCD4-BBD10216CCA7}.Debug|Any CPU.ActiveCfg = Debug|Win32
		{9E32DBD6-1116-47D4-BCD4-BBD10216CCA7}.Debug|Mixed Platforms.ActiveCfg = Debug|Win32
		{9E32DBD6-1116-47D4-BCD4-BBD10216CCA7}.Debug|Win32.ActiveCfg = Debug|Win32
		{9E32DBD6-1116-47D4-BCD4-BBD10216CCA7}.Debug|x64.ActiveCfg = Debug|x64
		{9E32DBD6-1116-47D4-BCD4-BBD10216CCA7}.Debug|x64.Build.0 = Debug|x64
		{9E32DBD6-1116-47D4-BCD4-BBD10216CCA7}.Release|Any CPU.ActiveCfg = Release|x64
		{9E32DBD6-1116-47D4-BCD4-BBD10216CCA7}.Release|Mixed Platforms.ActiveCfg = Release|Win32
		{9E32DBD6-1116-47D4-BCD4-BBD10216CCA7}.Release|Win32.ActiveCfg = Release|Win32
		{9E32DBD6-1116-47D4-BCD4-BBD10216CCA7}.Release|x64.ActiveCfg = Release|x64
		{9E32DBD6-1116-47D4-BCD4-BBD10216CCA7}.Release|x64.Build.0 = Release|x64
		{F3800861-545F-4BC7-863D-42E12F9C1FAB}.Debug|Any CPU.ActiveCfg = Debug|Win32
		{F3800861-545F-4BC7-863D-42E12F9C1FAB}.Debug|Mixed Platforms.ActiveCfg = Debug|Win32
		{F3800861-545F-4BC7-863D-42E12F9C1FAB}.Debug|Win32.ActiveCfg = Debug|Win32
		{F3800861-545F-4BC7-863D-42E12F9C1FAB}.Debug|x64.ActiveCfg = Debug|x64
		{F3800861-545F-4BC7-863D-42E12F9C1FAB}.Debug|x64.Build.0 = Debug|x64
		{F3800861-545F-4BC7-863D-42E12F9C1FAB}.Release|Any CPU.ActiveCfg = Release|x64
		{F3800861-545F-4BC7-863D-42E12F9C1FAB}.Release|Mixed Platforms.ActiveCfg = Release|Win32
		{F3800861-545F-4BC7-863D-42E12F9C1FAB}.Release|Win32.ActiveCfg = Release|Win32
		{F3800861-545F-4BC7-863D-42E12F9C1FAB}.Release|x64.ActiveCfg = Release|x64
		{F3800861-545F-4BC7-863D-42E12F9C1FAB}.Release|x64.Build.0 = Release|x64
		{975CA002-E79A-4A2C-B556-EF0079A585C8}.Debug|Any CPU.ActiveCfg = Debug|Win32
		{975CA002-E79A-4A2C-B556-EF0079A585C8}.Debug|Mixed Platforms.ActiveCfg = Debug|Win32
		{975CA002-E79A-4A2C-B556-EF0079A585C8}.Debug|Win32.ActiveCfg = Debug|Win32
		{975CA002-E79A-4A2C-B556-EF0079A585C8}.Debug|Win32.Build.0 = Debug|Win32
		{975CA002-E79A-4A2C-B556-EF0079A585C8}.Debug|x64.ActiveCfg = Debug|x64
		{975CA002-E79A-4A2C-B556-EF0079A585C8}.Debug|x64.Build.0 = Debug|x64
		{975CA002-E79A-4A2C-B556-EF0079A585C8}.Release|Any CPU.ActiveCfg = Release|x64
		{975CA002-E79A-4A2C-B556-EF0079A585C8}.Release|Mixed Platforms.ActiveCfg = Release|Win32
		{975CA002-E79A-4A2C-B556-EF0079A585C8}.Release|Win32.ActiveCfg = Release|Win32
		{975CA002-E79A-4A2C-B556-EF0079A585C8}.Release|Win32.Build.0 = Release|Win32
		{975CA002-E79A-4A2C-B556-EF0079A585C8}.Release|x64.ActiveCfg = Release|x64
		{975CA002-E79A-4A2C-B556-EF0079A585C8}.Release|x64.Build.0 = Release|x64
		{FD8D75AD-B0B3-4DD7-84D9-EA48C90954AF}.Debug|Any CPU.ActiveCfg = Debug|x64
		{FD8D75AD-B0B3-4DD7-84D9-EA48C90954AF}.Debug|Mixed Platforms.ActiveCfg = Debug|Win32
		{FD8D75AD-B0B3-4DD7-84D9-EA48C90954AF}.Debug|Mixed Platforms.Build.0 = Debug|Win32
		{FD8D75AD-B0B3-4DD7-84D9-EA48C90954AF}.Debug|Win32.ActiveCfg = Debug|Win32
		{FD8D75AD-B0B3-4DD7-84D9-EA48C90954AF}.Debug|x64.ActiveCfg = Debug|x64
		{FD8D75AD-B0B3-4DD7-84D9-EA48C90954AF}.Debug|x64.Build.0 = Debug|x64
		{FD8D75AD-B0B3-4DD7-84D9-EA48C90954AF}.Release|Any CPU.ActiveCfg = Release|x64
		{FD8D75AD-B0B3-4DD7-84D9-EA48C90954AF}.Release|Mixed Platforms.ActiveCfg = Release|Win32
		{FD8D75AD-B0B3-4DD7-84D9-EA48C90954AF}.Release|Win32.ActiveCfg = Release|Win32
		{FD8D75AD-B0B3-4DD7-84D9-EA48C90954AF}.Release|x64.ActiveCfg = Release|x64
		{FD8D75AD-B0B3-4DD7-84D9-EA48C90954AF}.Release|x64.Build.0 = Release|x64
	EndGlobalSection
	GlobalSection(SolutionProperties) = preSolution
		HideSolutionNode = FALSE
	EndGlobalSection
	GlobalSection(NestedProjects) = preSolution
		{AA5270EF-FEF0-4C93-91C3-4D6D3C85E575} = {97DEEB2D-5659-47B1-92B9-C4965FC381D0}
		{E153A0D9-D178-481E-8354-5BD58D8A45D7} = {6348F9AE-B785-4B2D-8CF4-A73428E3481B}
		{836D1305-35C5-4BA0-8A90-7AC040DAECBF} = {6348F9AE-B785-4B2D-8CF4-A73428E3481B}
		{179C55F5-01C3-4813-B34E-15B12693B288} = {97DEEB2D-5659-47B1-92B9-C4965FC381D0}
		{975384B0-DAAF-4D5D-8F21-31401682A4A2} = {97DEEB2D-5659-47B1-92B9-C4965FC381D0}
	EndGlobalSection
EndGlobal
