<?xml version="1.0" encoding="utf-8"?>
<Project ToolsVersion="4.0" xmlns="http://schemas.microsoft.com/developer/msbuild/2003">
  <ItemGroup>
    <Filter Include="Source Files">
      <UniqueIdentifier>{4FC737F1-C7A5-4376-A066-2A32D752A2FF}</UniqueIdentifier>
      <Extensions>cpp;c;cc;cxx;def;odl;idl;hpj;bat;asm;asmx</Extensions>
    </Filter>
    <Filter Include="Header Files">
      <UniqueIdentifier>{93995380-89BD-4b04-88EB-625FBE52EBFB}</UniqueIdentifier>
      <Extensions>h;hpp;hxx;hm;inl;inc;xsd</Extensions>
    </Filter>
  </ItemGroup>
  <ItemGroup>
    <ClCompile Include="GuiAnimation.cpp">
      <Filter>Source Files</Filter>
    </ClCompile>
    <ClCompile Include="GuiControl.cpp">
      <Filter>Source Files</Filter>
    </ClCompile>
    <ClCompile Include="GuiDirectContent.cpp">
      <Filter>Source Files</Filter>
    </ClCompile>
    <ClCompile Include="GuiFactory.cpp">
      <Filter>Source Files</Filter>
    </ClCompile>
    <ClCompile Include="GuiImage.cpp">
      <Filter>Source Files</Filter>
    </ClCompile>
    <ClCompile Include="GuiMouseRegion.cpp">
      <Filter>Source Files</Filter>
    </ClCompile>
    <ClCompile Include="GuiShape.cpp">
      <Filter>Source Files</Filter>
    </ClCompile>
    <ClCompile Include="GuiText.cpp">
      <Filter>Source Files</Filter>
    </ClCompile>
    <ClCompile Include="..\global\HResult.cpp">
      <Filter>Source Files</Filter>
    </ClCompile>
    <ClCompile Include="InteractiveControls.cpp">
      <Filter>Source Files</Filter>
    </ClCompile>
    <ClCompile Include="MouseEventRouter.cpp">
      <Filter>Source Files</Filter>
    </ClCompile>
    <ClCompile Include="RenderArea.cpp">
      <Filter>Source Files</Filter>
    </ClCompile>
    <ClCompile Include="GuiOutputWindow.cpp">
      <Filter>Source Files</Filter>
    </ClCompile>
  </ItemGroup>
  <ItemGroup>
    <ClInclude Include="GuiAnimation.h">
      <Filter>Header Files</Filter>
    </ClInclude>
    <ClInclude Include="GuiBrush.h">
      <Filter>Header Files</Filter>
    </ClInclude>
    <ClInclude Include="GuiControl.h">
      <Filter>Header Files</Filter>
    </ClInclude>
    <ClInclude Include="GuiFactory.h">
      <Filter>Header Files</Filter>
    </ClInclude>
    <ClInclude Include="GuiImage.h">
      <Filter>Header Files</Filter>
    </ClInclude>
    <ClInclude Include="GuiMouseRegion.h">
      <Filter>Header Files</Filter>
    </ClInclude>
    <ClInclude Include="GuiShape.h">
      <Filter>Header Files</Filter>
    </ClInclude>
    <ClInclude Include="GuiText.h">
      <Filter>Header Files</Filter>
    </ClInclude>
    <ClInclude Include="..\global\HResult.h">
      <Filter>Header Files</Filter>
    </ClInclude>
    <ClInclude Include="InteractiveControls.h">
      <Filter>Header Files</Filter>
    </ClInclude>
    <ClInclude Include="..\include\ISGuiFactory.h">
      <Filter>Header Files</Filter>
    </ClInclude>
    <ClInclude Include="MouseEventRouter.h">
      <Filter>Header Files</Filter>
    </ClInclude>
  </ItemGroup>
</Project>